# generated by rye
# use `rye lock` or `rye sync` to update this lockfile
#
# last locked with the following flags:
#   pre: false
#   features: []
#   all-features: false

-e file:.
attrs==23.1.0
cattrs==23.2.2
exceptiongroup==1.2.0
lsprotocol==2023.0.0
nodeenv==1.8.0
packaging==23.2
pathspec==0.12.1
pygls==1.2.0
pyright==1.1.336
pyyaml==6.0.1
ruff==0.1.6
ruff-lsp==0.0.45
typing-extensions==4.8.0
yamllint==1.35.1
# The following packages are considered to be unsafe in a requirements file:
setuptools==69.0.2
